// !$*UTF8*$!
{
	archiveVersion = 1;
	classes = {
	};
	objectVersion = 52;
	objects = {

/* Begin PBXBuildFile section */
		0207DA581B56EA530066E2B4 /* Images.xcassets in Resources */ = {isa = PBXBuildFile; fileRef = 0207DA571B56EA530066E2B4 /* Images.xcassets */; };
		028F988557B647B9BEFBD56F /* SOSPicker.m in Sources */ = {isa = PBXBuildFile; fileRef = A679C75054614522BCA45E71 /* SOSPicker.m */; };
		10DD41788C5A4A5CB0FD24ED /* AVFoundation.framework in Frameworks */ = {isa = PBXBuildFile; fileRef = 31EB5EE9F52742AE9F6B14EF /* AVFoundation.framework */; };
		123BADC62819442DAC63FF64 /* fr.lproj in Resources */ = {isa = PBXBuildFile; fileRef = 3EDF94FDAAE54948B77D4661 /* fr.lproj */; };
		1697EE89C757455281E1B507 /* Security.framework in Frameworks */ = {isa = PBXBuildFile; fileRef = 02E79786040F42759F7CA61D /* Security.framework */; };
		1993B8E5F43C467DA3E54D03 /* UIImage+fixOrientation.m in Sources */ = {isa = PBXBuildFile; fileRef = 09B21C14D1C049A5ABB46FD4 /* UIImage+fixOrientation.m */; };
		1D3623260D0F684500981E51 /* AppDelegate.m in Sources */ = {isa = PBXBuildFile; fileRef = 1D3623250D0F684500981E51 /* AppDelegate.m */; };
		1D60589B0D05DD56006BFB54 /* main.m in Sources */ = {isa = PBXBuildFile; fileRef = 29B97316FDCFA39411CA2CEA /* main.m */; };
		1DD34DD2FBF041FFBF501520 /* QuartzCore.framework in Frameworks */ = {isa = PBXBuildFile; fileRef = 791E480B65D242A9AD87796F /* QuartzCore.framework */; };
		20DDA5D84D724FAB8C71C34B /* IONAssetHandler.m in Sources */ = {isa = PBXBuildFile; fileRef = 0D7AD7269B944CA39E0EAD17 /* IONAssetHandler.m */; };
		253676CB1AD84D0F8DAD0CA7 /* SystemConfiguration.framework in Frameworks */ = {isa = PBXBuildFile; fileRef = 1EAD1019C9CF4B82BE9E2CC7 /* SystemConfiguration.framework */; };
		25ADB509741D4CC4A3ABC690 /* ImageIO.framework in Frameworks */ = {isa = PBXBuildFile; fileRef = 67149AC997D54A748A70935B /* ImageIO.framework */; settings = {ATTRIBUTES = (Weak, ); }; };
		28EF4B27EA024FD4823614A7 /* GMGridViewCell.m in Sources */ = {isa = PBXBuildFile; fileRef = 53BD53702BE24FDBB64BFDC8 /* GMGridViewCell.m */; };
		2E18A0717D8A4D5F9BCF589E /* CDVWKProcessPoolFactory.m in Sources */ = {isa = PBXBuildFile; fileRef = 08CE6DC5AA2C42D8BF0D4A84 /* CDVWKProcessPoolFactory.m */; };
		30178FCB0B614B06BEA9358A /* it.lproj in Resources */ = {isa = PBXBuildFile; fileRef = B7EB666DC8EB4A608CD5E6CE /* it.lproj */; };
		301BF552109A68D80062928A /* libCordova.a in Frameworks */ = {isa = PBXBuildFile; fileRef = 301BF535109A57CC0062928A /* libCordova.a */; settings = {ATTRIBUTES = (Required, ); }; };
		302D95F114D2391D003F00A1 /* MainViewController.m in Sources */ = {isa = PBXBuildFile; fileRef = 302D95EF14D2391D003F00A1 /* MainViewController.m */; };
		302D95F214D2391D003F00A1 /* MainViewController.xib in Resources */ = {isa = PBXBuildFile; fileRef = 302D95F014D2391D003F00A1 /* MainViewController.xib */; };
		30B767211A7E496F8F858E0F /* Accelerate.framework in Frameworks */ = {isa = PBXBuildFile; fileRef = 0D7DEF471A6B451E87F04A8D /* Accelerate.framework */; };
		335CB18851FA405E8A7E5580 /* GMVideoIcon.png in Resources */ = {isa = PBXBuildFile; fileRef = 3D732C697F5148B28B363D93 /* GMVideoIcon.png */; };
		39B54E52D3B842698BB68779 /* CDVStatusBar.m in Sources */ = {isa = PBXBuildFile; fileRef = D932AB79134147CA89A75311 /* CDVStatusBar.m */; };
		41BAD90D38FA4F21ABB24A27 /* en.lproj in Resources */ = {isa = PBXBuildFile; fileRef = CEAE0B7D02AB4213A9BE4F1A /* en.lproj */; };
		42ECEED9D67E42EFB575742A /* pl.lproj in Resources */ = {isa = PBXBuildFile; fileRef = A2A5352D2B58464AA23DB1FF /* pl.lproj */; };
		4DEE40EBF2E94FBBB0405974 /* Photos.framework in Frameworks */ = {isa = PBXBuildFile; fileRef = 85C4193358574134982F0061 /* Photos.framework */; };
		4FE30A64E32540ACA04D7F34 /* GMAlbumsViewCell.m in Sources */ = {isa = PBXBuildFile; fileRef = DFD017C346934824A0783630 /* GMAlbumsViewCell.m */; };
		55E9035480144127A9099597 /* GMEmptyFolder@2x.png in Resources */ = {isa = PBXBuildFile; fileRef = 301CBC59FC2C4100BF89DF2F /* GMEmptyFolder@2x.png */; };
		5618A05FBA66484DA389F4BD /* SQLitePlugin.m in Sources */ = {isa = PBXBuildFile; fileRef = 77C02EDF48AB40709124EDC8 /* SQLitePlugin.m */; };
		5E88E8AF196845568915B126 /* es.lproj in Resources */ = {isa = PBXBuildFile; fileRef = 4F55E650CD564139BEB1509C /* es.lproj */; };
		5F2D40123A364A429DD058B2 /* de.lproj in Resources */ = {isa = PBXBuildFile; fileRef = D19D4535B5914EA0AEA5A631 /* de.lproj */; };
		662FBCB6498648B5B91876D2 /* UIImage+CropScaleOrientation.m in Sources */ = {isa = PBXBuildFile; fileRef = 54FA897BC0D84D18B77039A6 /* UIImage+CropScaleOrientation.m */; };
		6AFF5BF91D6E424B00AB3073 /* CDVLaunchScreen.storyboard in Resources */ = {isa = PBXBuildFile; fileRef = 6AFF5BF81D6E424B00AB3073 /* CDVLaunchScreen.storyboard */; };
		763F00177B244BBD9C521414 /* CDVIonicKeyboard.m in Sources */ = {isa = PBXBuildFile; fileRef = CC9A246252AA4C1D9471FC3B /* CDVIonicKeyboard.m */; };
		8641832A5CB24038A1BCA5B8 /* pt.lproj in Resources */ = {isa = PBXBuildFile; fileRef = 241C371EC9734370B590F599 /* pt.lproj */; };
		86F881115754491491574F41 /* CDVCamera.m in Sources */ = {isa = PBXBuildFile; fileRef = A250FD6E1281471F816AA949 /* CDVCamera.m */; };
		89A7AF2D4939486D93767CC2 /* CoreLocation.framework in Frameworks */ = {isa = PBXBuildFile; fileRef = 7E821FCE7A6C4EF4B4305AE7 /* CoreLocation.framework */; };
		8D205C4257F64047AB2DD7E5 /* GMSelected.png in Resources */ = {isa = PBXBuildFile; fileRef = 68C0C01A74DE4BC2B96AC997 /* GMSelected.png */; };
		936A413220E647C5B510825C /* GMGridViewController.m in Sources */ = {isa = PBXBuildFile; fileRef = DB177A2025BA46DBBA837356 /* GMGridViewController.m */; };
		9378D9EA9C8644EAB250E4FF /* CDVDevice.m in Sources */ = {isa = PBXBuildFile; fileRef = 3AD558C157314F6691478909 /* CDVDevice.m */; };
		94DD624A59A742778D63E532 /* GMImagePickerController.m in Sources */ = {isa = PBXBuildFile; fileRef = B91258E96EF14D538B62C2E7 /* GMImagePickerController.m */; };
		9E7EB044B0164F0490B9E402 /* GMVideoIcon@2x.png in Resources */ = {isa = PBXBuildFile; fileRef = BDB78BC1A93A48DF94D37619 /* GMVideoIcon@2x.png */; };
		A16B41D013714DFFBC6C6158 /* CDVJpegHeaderWriter.m in Sources */ = {isa = PBXBuildFile; fileRef = EEFBB92F452D4881811D9103 /* CDVJpegHeaderWriter.m */; };
		A1FEBC46546047B09B777D34 /* WebKit.framework in Frameworks */ = {isa = PBXBuildFile; fileRef = B31EC453A5EF4161BD72F39C /* WebKit.framework */; settings = {ATTRIBUTES = (Weak, ); }; };
		A2CE79F772EB4D7F8E5DDC32 /* GMPHAsset.m in Sources */ = {isa = PBXBuildFile; fileRef = 551796BB217B4DC6B783371C /* GMPHAsset.m */; };
		A5E1F1C30336420984B94D48 /* GMSelected@2x.png in Resources */ = {isa = PBXBuildFile; fileRef = A34CB49EB751445D9B2576C1 /* GMSelected@2x.png */; };
		A767A1772BEA4D08957A4A9B /* CustomPSPDFThreadSafeMutableDictionary.m in Sources */ = {isa = PBXBuildFile; fileRef = 1E9B3A82CB49464887D99029 /* CustomPSPDFThreadSafeMutableDictionary.m */; settings = {COMPILER_FLAGS = "-w"; }; };
		B5A73ECB0268479DBA215BDC /* CDVWKWebViewEngine.m in Sources */ = {isa = PBXBuildFile; fileRef = 5964D2D3EB584DDA965D778C /* CDVWKWebViewEngine.m */; };
		B7EB8C16A3D04D1E96F2B251 /* sqlite3.c in Sources */ = {isa = PBXBuildFile; fileRef = 2C6AF88B9EEF4C1F93F6EC94 /* sqlite3.c */; settings = {COMPILER_FLAGS = "-w -DSQLITE_THREADSAFE=1 -DSQLITE_DEFAULT_SYNCHRONOUS=3 -DSQLITE_DEFAULT_MEMSTATUS=0 -DSQLITE_OMIT_DECLTYPE -DSQLITE_OMIT_DEPRECATED -DSQLITE_OMIT_PROGRESS_CALLBACK -DSQLITE_OMIT_SHARED_CACHE -DSQLITE_TEMP_STORE=2 -DSQLITE_OMIT_LOAD_EXTENSION -DSQLITE_ENABLE_FTS3 -DSQLITE_ENABLE_FTS3_PARENTHESIS -DSQLITE_ENABLE_FTS4 -DSQLITE_ENABLE_RTREE -DSQLITE_DEFAULT_PAGE_SIZE=4096"; }; };
		B82E24BA61D24210A9DBC8C8 /* GMEmptyFolder@1x.png in Resources */ = {isa = PBXBuildFile; fileRef = 95C844B6CD3241C59BAC4BD2 /* GMEmptyFolder@1x.png */; };
		C3BB3C20ECD14DC7A6FFADAB /* CDVLocation.m in Sources */ = {isa = PBXBuildFile; fileRef = 63EF831B30DB46F8A657470A /* CDVLocation.m */; };
		C92FE5A4E5F043B98C87F9A6 /* zh-Hans.lproj in Resources */ = {isa = PBXBuildFile; fileRef = 3292D69EE08F4012BECC988E /* zh-Hans.lproj */; };
		D0669F2117364A10B7CED0F6 /* GMAlbumsViewController.m in Sources */ = {isa = PBXBuildFile; fileRef = 3F8C6C0580DD4FB8AD6BAE7E /* GMAlbumsViewController.m */; };
		D5AA9DEEFB5B40409F32A1A2 /* CDVWKWebViewUIDelegate.m in Sources */ = {isa = PBXBuildFile; fileRef = 3AAF9D922FCA484D8D41DB7F /* CDVWKWebViewUIDelegate.m */; };
		D632F65C9D884F8D9B46BA26 /* PSYBlockTimer.m in Sources */ = {isa = PBXBuildFile; fileRef = A8B190AFDBB64A05A35E92E8 /* PSYBlockTimer.m */; };
		DFF44CFBEEF64B24B0984911 /* ca.lproj in Resources */ = {isa = PBXBuildFile; fileRef = C73513E1A0954422B2F1704A /* ca.lproj */; };
		EA929ED7D0684CD9B16DE312 /* GMFetchItem.m in Sources */ = {isa = PBXBuildFile; fileRef = 082052F8C91F4F368662388E /* GMFetchItem.m */; };
/* End PBXBuildFile section */

/* Begin PBXContainerItemProxy section */
		301BF534109A57CC0062928A /* PBXContainerItemProxy */ = {
			isa = PBXContainerItemProxy;
			containerPortal = 301BF52D109A57CC0062928A /* CordovaLib.xcodeproj */;
			proxyType = 2;
			remoteGlobalIDString = D2AAC07E0554694100DB518D;
			remoteInfo = CordovaLib;
		};
		301BF550109A68C00062928A /* PBXContainerItemProxy */ = {
			isa = PBXContainerItemProxy;
			containerPortal = 301BF52D109A57CC0062928A /* CordovaLib.xcodeproj */;
			proxyType = 1;
			remoteGlobalIDString = D2AAC07D0554694100DB518D;
			remoteInfo = CordovaLib;
		};
		907D8123214C687600058A10 /* PBXContainerItemProxy */ = {
			isa = PBXContainerItemProxy;
			containerPortal = 301BF52D109A57CC0062928A /* CordovaLib.xcodeproj */;
			proxyType = 2;
			remoteGlobalIDString = C0C01EB21E3911D50056E6CB;
			remoteInfo = Cordova;
		};
/* End PBXContainerItemProxy section */

/* Begin PBXFileReference section */
		0207DA571B56EA530066E2B4 /* Images.xcassets */ = {isa = PBXFileReference; lastKnownFileType = folder.assetcatalog; name = Images.xcassets; path = MyApp/Images.xcassets; sourceTree = SOURCE_ROOT; };
		02E79786040F42759F7CA61D /* Security.framework */ = {isa = PBXFileReference; explicitFileType = undefined; fileEncoding = 9; includeInIndex = 0; lastKnownFileType = wrapper.framework; name = Security.framework; path = System/Library/Frameworks/Security.framework; sourceTree = SDKROOT; };
		045C4A65A6D349BABD2348F1 /* CDVJpegHeaderWriter.h */ = {isa = PBXFileReference; explicitFileType = undefined; fileEncoding = 4; includeInIndex = 0; lastKnownFileType = sourcecode.c.h; name = CDVJpegHeaderWriter.h; path = "cordova-plugin-camera/CDVJpegHeaderWriter.h"; sourceTree = "<group>"; };
		082052F8C91F4F368662388E /* GMFetchItem.m */ = {isa = PBXFileReference; explicitFileType = undefined; fileEncoding = 4; includeInIndex = 0; lastKnownFileType = sourcecode.c.objc; name = GMFetchItem.m; path = "cordova-plugin-telerik-imagepicker/GMFetchItem.m"; sourceTree = "<group>"; };
		08CE6DC5AA2C42D8BF0D4A84 /* CDVWKProcessPoolFactory.m */ = {isa = PBXFileReference; explicitFileType = undefined; fileEncoding = 4; includeInIndex = 0; lastKnownFileType = sourcecode.c.objc; name = CDVWKProcessPoolFactory.m; path = "cordova-plugin-ionic-webview/CDVWKProcessPoolFactory.m"; sourceTree = "<group>"; };
		09B21C14D1C049A5ABB46FD4 /* UIImage+fixOrientation.m */ = {isa = PBXFileReference; explicitFileType = undefined; fileEncoding = 4; includeInIndex = 0; lastKnownFileType = sourcecode.c.objc; name = "UIImage+fixOrientation.m"; path = "cordova-plugin-telerik-imagepicker/UIImage+fixOrientation.m"; sourceTree = "<group>"; };
		0D7AD7269B944CA39E0EAD17 /* IONAssetHandler.m */ = {isa = PBXFileReference; explicitFileType = undefined; fileEncoding = 4; includeInIndex = 0; lastKnownFileType = sourcecode.c.objc; name = IONAssetHandler.m; path = "cordova-plugin-ionic-webview/IONAssetHandler.m"; sourceTree = "<group>"; };
		0D7DEF471A6B451E87F04A8D /* Accelerate.framework */ = {isa = PBXFileReference; explicitFileType = undefined; fileEncoding = 9; includeInIndex = 0; lastKnownFileType = wrapper.framework; name = Accelerate.framework; path = System/Library/Frameworks/Accelerate.framework; sourceTree = SDKROOT; };
		0DCB73BC13924608991B0835 /* CDVLocation.h */ = {isa = PBXFileReference; explicitFileType = undefined; fileEncoding = 4; includeInIndex = 0; lastKnownFileType = sourcecode.c.h; name = CDVLocation.h; path = "cordova-plugin-geolocation/CDVLocation.h"; sourceTree = "<group>"; };
		11AD7E7502034C359A296471 /* PSYBlockTimer.h */ = {isa = PBXFileReference; explicitFileType = undefined; fileEncoding = 4; includeInIndex = 0; lastKnownFileType = sourcecode.c.h; name = PSYBlockTimer.h; path = "cordova-plugin-telerik-imagepicker/PSYBlockTimer.h"; sourceTree = "<group>"; };
		1A1C2550A133426B8CDCAA7A /* GMImagePickerController.h */ = {isa = PBXFileReference; explicitFileType = undefined; fileEncoding = 4; includeInIndex = 0; lastKnownFileType = sourcecode.c.h; name = GMImagePickerController.h; path = "cordova-plugin-telerik-imagepicker/GMImagePickerController.h"; sourceTree = "<group>"; };
		1D3623240D0F684500981E51 /* AppDelegate.h */ = {isa = PBXFileReference; fileEncoding = 4; lastKnownFileType = sourcecode.c.h; path = AppDelegate.h; sourceTree = "<group>"; };
		1D3623250D0F684500981E51 /* AppDelegate.m */ = {isa = PBXFileReference; fileEncoding = 4; lastKnownFileType = sourcecode.c.objc; path = AppDelegate.m; sourceTree = "<group>"; };
		1D6058910D05DD3D006BFB54 /* MyApp.app */ = {isa = PBXFileReference; explicitFileType = wrapper.application; includeInIndex = 0; path = MyApp.app; sourceTree = BUILT_PRODUCTS_DIR; };
		1E9B3A82CB49464887D99029 /* CustomPSPDFThreadSafeMutableDictionary.m */ = {isa = PBXFileReference; explicitFileType = undefined; fileEncoding = 4; includeInIndex = 0; lastKnownFileType = sourcecode.c.objc; name = CustomPSPDFThreadSafeMutableDictionary.m; path = "cordova-sqlite-storage/CustomPSPDFThreadSafeMutableDictionary.m"; sourceTree = "<group>"; };
		1EAD1019C9CF4B82BE9E2CC7 /* SystemConfiguration.framework */ = {isa = PBXFileReference; explicitFileType = undefined; fileEncoding = 9; includeInIndex = 0; lastKnownFileType = wrapper.framework; name = SystemConfiguration.framework; path = System/Library/Frameworks/SystemConfiguration.framework; sourceTree = SDKROOT; };
		241C371EC9734370B590F599 /* pt.lproj */ = {isa = PBXFileReference; explicitFileType = undefined; fileEncoding = 9; includeInIndex = 0; lastKnownFileType = unknown; path = pt.lproj; sourceTree = "<group>"; };
		29B97316FDCFA39411CA2CEA /* main.m */ = {isa = PBXFileReference; fileEncoding = 4; lastKnownFileType = sourcecode.c.objc; path = main.m; sourceTree = "<group>"; };
		2B7CAE1111A14AFFBDD32C45 /* UIImage+CropScaleOrientation.h */ = {isa = PBXFileReference; explicitFileType = undefined; fileEncoding = 4; includeInIndex = 0; lastKnownFileType = sourcecode.c.h; name = "UIImage+CropScaleOrientation.h"; path = "cordova-plugin-camera/UIImage+CropScaleOrientation.h"; sourceTree = "<group>"; };
		2C6AF88B9EEF4C1F93F6EC94 /* sqlite3.c */ = {isa = PBXFileReference; explicitFileType = undefined; fileEncoding = 9; includeInIndex = 0; lastKnownFileType = unknown; name = sqlite3.c; path = "cordova-sqlite-storage/sqlite3.c"; sourceTree = "<group>"; };
		301BF52D109A57CC0062928A /* CordovaLib.xcodeproj */ = {isa = PBXFileReference; lastKnownFileType = "wrapper.pb-project"; name = CordovaLib.xcodeproj; path = CordovaLib/CordovaLib.xcodeproj; sourceTree = "<group>"; };
		301BF56E109A69640062928A /* www */ = {isa = PBXFileReference; lastKnownFileType = folder; path = www; sourceTree = SOURCE_ROOT; };
		301CBC59FC2C4100BF89DF2F /* GMEmptyFolder@2x.png */ = {isa = PBXFileReference; explicitFileType = undefined; fileEncoding = 9; includeInIndex = 0; lastKnownFileType = unknown; path = "GMEmptyFolder@2x.png"; sourceTree = "<group>"; };
		302D95EE14D2391D003F00A1 /* MainViewController.h */ = {isa = PBXFileReference; fileEncoding = 4; lastKnownFileType = sourcecode.c.h; path = MainViewController.h; sourceTree = "<group>"; };
		302D95EF14D2391D003F00A1 /* MainViewController.m */ = {isa = PBXFileReference; fileEncoding = 4; lastKnownFileType = sourcecode.c.objc; path = MainViewController.m; sourceTree = "<group>"; };
		302D95F014D2391D003F00A1 /* MainViewController.xib */ = {isa = PBXFileReference; fileEncoding = 4; lastKnownFileType = file.xib; path = MainViewController.xib; sourceTree = "<group>"; };
		3047A50F1AB8059700498E2A /* build-debug.xcconfig */ = {isa = PBXFileReference; fileEncoding = 4; lastKnownFileType = text.xcconfig; name = "build-debug.xcconfig"; path = "cordova/build-debug.xcconfig"; sourceTree = SOURCE_ROOT; };
		3047A5101AB8059700498E2A /* build-release.xcconfig */ = {isa = PBXFileReference; fileEncoding = 4; lastKnownFileType = text.xcconfig; name = "build-release.xcconfig"; path = "cordova/build-release.xcconfig"; sourceTree = SOURCE_ROOT; };
		3047A5111AB8059700498E2A /* build.xcconfig */ = {isa = PBXFileReference; fileEncoding = 4; lastKnownFileType = text.xcconfig; name = build.xcconfig; path = cordova/build.xcconfig; sourceTree = SOURCE_ROOT; };
		31EB5EE9F52742AE9F6B14EF /* AVFoundation.framework */ = {isa = PBXFileReference; explicitFileType = undefined; fileEncoding = 9; includeInIndex = 0; lastKnownFileType = wrapper.framework; name = AVFoundation.framework; path = System/Library/Frameworks/AVFoundation.framework; sourceTree = SDKROOT; };
		3292D69EE08F4012BECC988E /* zh-Hans.lproj */ = {isa = PBXFileReference; explicitFileType = undefined; fileEncoding = 9; includeInIndex = 0; lastKnownFileType = unknown; path = "zh-Hans.lproj"; sourceTree = "<group>"; };
		32CA4F630368D1EE00C91783 /* MyApp-Prefix.pch */ = {isa = PBXFileReference; fileEncoding = 4; lastKnownFileType = sourcecode.c.h; path = "MyApp-Prefix.pch"; sourceTree = "<group>"; };
		33523AF18B2B472683D9B3BD /* GMAlbumsViewController.h */ = {isa = PBXFileReference; explicitFileType = undefined; fileEncoding = 4; includeInIndex = 0; lastKnownFileType = sourcecode.c.h; name = GMAlbumsViewController.h; path = "cordova-plugin-telerik-imagepicker/GMAlbumsViewController.h"; sourceTree = "<group>"; };
		393CA4D557BD4CD8B7B3EC96 /* CDVDevice.h */ = {isa = PBXFileReference; explicitFileType = undefined; fileEncoding = 4; includeInIndex = 0; lastKnownFileType = sourcecode.c.h; name = CDVDevice.h; path = "cordova-plugin-device/CDVDevice.h"; sourceTree = "<group>"; };
		3AAF9D922FCA484D8D41DB7F /* CDVWKWebViewUIDelegate.m */ = {isa = PBXFileReference; explicitFileType = undefined; fileEncoding = 4; includeInIndex = 0; lastKnownFileType = sourcecode.c.objc; name = CDVWKWebViewUIDelegate.m; path = "cordova-plugin-ionic-webview/CDVWKWebViewUIDelegate.m"; sourceTree = "<group>"; };
		3AD558C157314F6691478909 /* CDVDevice.m */ = {isa = PBXFileReference; explicitFileType = undefined; fileEncoding = 4; includeInIndex = 0; lastKnownFileType = sourcecode.c.objc; name = CDVDevice.m; path = "cordova-plugin-device/CDVDevice.m"; sourceTree = "<group>"; };
		3D732C697F5148B28B363D93 /* GMVideoIcon.png */ = {isa = PBXFileReference; explicitFileType = undefined; fileEncoding = 9; includeInIndex = 0; lastKnownFileType = unknown; path = GMVideoIcon.png; sourceTree = "<group>"; };
		3EDF94FDAAE54948B77D4661 /* fr.lproj */ = {isa = PBXFileReference; explicitFileType = undefined; fileEncoding = 9; includeInIndex = 0; lastKnownFileType = unknown; path = fr.lproj; sourceTree = "<group>"; };
		3F8C6C0580DD4FB8AD6BAE7E /* GMAlbumsViewController.m */ = {isa = PBXFileReference; explicitFileType = undefined; fileEncoding = 4; includeInIndex = 0; lastKnownFileType = sourcecode.c.objc; name = GMAlbumsViewController.m; path = "cordova-plugin-telerik-imagepicker/GMAlbumsViewController.m"; sourceTree = "<group>"; };
		4F55E650CD564139BEB1509C /* es.lproj */ = {isa = PBXFileReference; explicitFileType = undefined; fileEncoding = 9; includeInIndex = 0; lastKnownFileType = unknown; path = es.lproj; sourceTree = "<group>"; };
		53BD53702BE24FDBB64BFDC8 /* GMGridViewCell.m */ = {isa = PBXFileReference; explicitFileType = undefined; fileEncoding = 4; includeInIndex = 0; lastKnownFileType = sourcecode.c.objc; name = GMGridViewCell.m; path = "cordova-plugin-telerik-imagepicker/GMGridViewCell.m"; sourceTree = "<group>"; };
		54FA897BC0D84D18B77039A6 /* UIImage+CropScaleOrientation.m */ = {isa = PBXFileReference; explicitFileType = undefined; fileEncoding = 4; includeInIndex = 0; lastKnownFileType = sourcecode.c.objc; name = "UIImage+CropScaleOrientation.m"; path = "cordova-plugin-camera/UIImage+CropScaleOrientation.m"; sourceTree = "<group>"; };
		551796BB217B4DC6B783371C /* GMPHAsset.m */ = {isa = PBXFileReference; explicitFileType = undefined; fileEncoding = 4; includeInIndex = 0; lastKnownFileType = sourcecode.c.objc; name = GMPHAsset.m; path = "cordova-plugin-telerik-imagepicker/GMPHAsset.m"; sourceTree = "<group>"; };
		5964D2D3EB584DDA965D778C /* CDVWKWebViewEngine.m */ = {isa = PBXFileReference; explicitFileType = undefined; fileEncoding = 4; includeInIndex = 0; lastKnownFileType = sourcecode.c.objc; name = CDVWKWebViewEngine.m; path = "cordova-plugin-ionic-webview/CDVWKWebViewEngine.m"; sourceTree = "<group>"; };
		5DC4961C4F944E37AD221D65 /* CDVCamera.h */ = {isa = PBXFileReference; explicitFileType = undefined; fileEncoding = 4; includeInIndex = 0; lastKnownFileType = sourcecode.c.h; name = CDVCamera.h; path = "cordova-plugin-camera/CDVCamera.h"; sourceTree = "<group>"; };
		5F9B0E50C25B4BBDA8B5255B /* CDVIonicKeyboard.h */ = {isa = PBXFileReference; explicitFileType = undefined; fileEncoding = 4; includeInIndex = 0; lastKnownFileType = sourcecode.c.h; name = CDVIonicKeyboard.h; path = "cordova-plugin-ionic-keyboard/CDVIonicKeyboard.h"; sourceTree = "<group>"; };
		60F289EC6F604DCF8D11313F /* GMGridViewCell.h */ = {isa = PBXFileReference; explicitFileType = undefined; fileEncoding = 4; includeInIndex = 0; lastKnownFileType = sourcecode.c.h; name = GMGridViewCell.h; path = "cordova-plugin-telerik-imagepicker/GMGridViewCell.h"; sourceTree = "<group>"; };
		62B0DF927F0E44A49591B361 /* GMAlbumsViewCell.h */ = {isa = PBXFileReference; explicitFileType = undefined; fileEncoding = 4; includeInIndex = 0; lastKnownFileType = sourcecode.c.h; name = GMAlbumsViewCell.h; path = "cordova-plugin-telerik-imagepicker/GMAlbumsViewCell.h"; sourceTree = "<group>"; };
		63EF831B30DB46F8A657470A /* CDVLocation.m */ = {isa = PBXFileReference; explicitFileType = undefined; fileEncoding = 4; includeInIndex = 0; lastKnownFileType = sourcecode.c.objc; name = CDVLocation.m; path = "cordova-plugin-geolocation/CDVLocation.m"; sourceTree = "<group>"; };
		67149AC997D54A748A70935B /* ImageIO.framework */ = {isa = PBXFileReference; explicitFileType = undefined; fileEncoding = 9; includeInIndex = 0; lastKnownFileType = wrapper.framework; name = ImageIO.framework; path = System/Library/Frameworks/ImageIO.framework; sourceTree = SDKROOT; };
		68C0C01A74DE4BC2B96AC997 /* GMSelected.png */ = {isa = PBXFileReference; explicitFileType = undefined; fileEncoding = 9; includeInIndex = 0; lastKnownFileType = unknown; path = GMSelected.png; sourceTree = "<group>"; };
		6A57C1A7D4A24EDCB6870010 /* sqlite3.h */ = {isa = PBXFileReference; explicitFileType = undefined; fileEncoding = 4; includeInIndex = 0; lastKnownFileType = sourcecode.c.h; name = sqlite3.h; path = "cordova-sqlite-storage/sqlite3.h"; sourceTree = "<group>"; };
		6AFF5BF81D6E424B00AB3073 /* CDVLaunchScreen.storyboard */ = {isa = PBXFileReference; fileEncoding = 4; lastKnownFileType = file.storyboard; name = CDVLaunchScreen.storyboard; path = MyApp/CDVLaunchScreen.storyboard; sourceTree = SOURCE_ROOT; };
		6BABD85AB45B47B18D14B238 /* SOSPicker.h */ = {isa = PBXFileReference; explicitFileType = undefined; fileEncoding = 4; includeInIndex = 0; lastKnownFileType = sourcecode.c.h; name = SOSPicker.h; path = "cordova-plugin-telerik-imagepicker/SOSPicker.h"; sourceTree = "<group>"; };
		70B34AE3B01645D3B94DEA92 /* IONAssetHandler.h */ = {isa = PBXFileReference; explicitFileType = undefined; fileEncoding = 4; includeInIndex = 0; lastKnownFileType = sourcecode.c.h; name = IONAssetHandler.h; path = "cordova-plugin-ionic-webview/IONAssetHandler.h"; sourceTree = "<group>"; };
		76AD55835A4A4D54BC773F68 /* GMPHAsset.h */ = {isa = PBXFileReference; explicitFileType = undefined; fileEncoding = 4; includeInIndex = 0; lastKnownFileType = sourcecode.c.h; name = GMPHAsset.h; path = "cordova-plugin-telerik-imagepicker/GMPHAsset.h"; sourceTree = "<group>"; };
		77C02EDF48AB40709124EDC8 /* SQLitePlugin.m */ = {isa = PBXFileReference; explicitFileType = undefined; fileEncoding = 4; includeInIndex = 0; lastKnownFileType = sourcecode.c.objc; name = SQLitePlugin.m; path = "cordova-sqlite-storage/SQLitePlugin.m"; sourceTree = "<group>"; };
		791E480B65D242A9AD87796F /* QuartzCore.framework */ = {isa = PBXFileReference; explicitFileType = undefined; fileEncoding = 9; includeInIndex = 0; lastKnownFileType = wrapper.framework; name = QuartzCore.framework; path = System/Library/Frameworks/QuartzCore.framework; sourceTree = SDKROOT; };
		7E821FCE7A6C4EF4B4305AE7 /* CoreLocation.framework */ = {isa = PBXFileReference; explicitFileType = undefined; fileEncoding = 9; includeInIndex = 0; lastKnownFileType = wrapper.framework; name = CoreLocation.framework; path = System/Library/Frameworks/CoreLocation.framework; sourceTree = SDKROOT; };
		85C4193358574134982F0061 /* Photos.framework */ = {isa = PBXFileReference; explicitFileType = undefined; fileEncoding = 9; includeInIndex = 0; lastKnownFileType = wrapper.framework; name = Photos.framework; path = System/Library/Frameworks/Photos.framework; sourceTree = SDKROOT; };
		8D1107310486CEB800E47090 /* MyApp-Info.plist */ = {isa = PBXFileReference; fileEncoding = 4; lastKnownFileType = text.plist.xml; name = "MyApp-Info.plist"; path = "MyApp/MyApp-Info.plist"; plistStructureDefinitionIdentifier = "com.apple.xcode.plist.structure-definition.iphone.info-plist"; sourceTree = SOURCE_ROOT; };
		95C844B6CD3241C59BAC4BD2 /* GMEmptyFolder@1x.png */ = {isa = PBXFileReference; explicitFileType = undefined; fileEncoding = 9; includeInIndex = 0; lastKnownFileType = unknown; path = "GMEmptyFolder@1x.png"; sourceTree = "<group>"; };
		A250FD6E1281471F816AA949 /* CDVCamera.m */ = {isa = PBXFileReference; explicitFileType = undefined; fileEncoding = 4; includeInIndex = 0; lastKnownFileType = sourcecode.c.objc; name = CDVCamera.m; path = "cordova-plugin-camera/CDVCamera.m"; sourceTree = "<group>"; };
		A2A5352D2B58464AA23DB1FF /* pl.lproj */ = {isa = PBXFileReference; explicitFileType = undefined; fileEncoding = 9; includeInIndex = 0; lastKnownFileType = unknown; path = pl.lproj; sourceTree = "<group>"; };
		A34CB49EB751445D9B2576C1 /* GMSelected@2x.png */ = {isa = PBXFileReference; explicitFileType = undefined; fileEncoding = 9; includeInIndex = 0; lastKnownFileType = unknown; path = "GMSelected@2x.png"; sourceTree = "<group>"; };
		A56814A797CD4D8797FD0C16 /* CDVWKWebViewEngine.h */ = {isa = PBXFileReference; explicitFileType = undefined; fileEncoding = 4; includeInIndex = 0; lastKnownFileType = sourcecode.c.h; name = CDVWKWebViewEngine.h; path = "cordova-plugin-ionic-webview/CDVWKWebViewEngine.h"; sourceTree = "<group>"; };
		A679C75054614522BCA45E71 /* SOSPicker.m */ = {isa = PBXFileReference; explicitFileType = undefined; fileEncoding = 4; includeInIndex = 0; lastKnownFileType = sourcecode.c.objc; name = SOSPicker.m; path = "cordova-plugin-telerik-imagepicker/SOSPicker.m"; sourceTree = "<group>"; };
		A858E83906814C749C71D16F /* UIImage+fixOrientation.h */ = {isa = PBXFileReference; explicitFileType = undefined; fileEncoding = 4; includeInIndex = 0; lastKnownFileType = sourcecode.c.h; name = "UIImage+fixOrientation.h"; path = "cordova-plugin-telerik-imagepicker/UIImage+fixOrientation.h"; sourceTree = "<group>"; };
		A8B190AFDBB64A05A35E92E8 /* PSYBlockTimer.m */ = {isa = PBXFileReference; explicitFileType = undefined; fileEncoding = 4; includeInIndex = 0; lastKnownFileType = sourcecode.c.objc; name = PSYBlockTimer.m; path = "cordova-plugin-telerik-imagepicker/PSYBlockTimer.m"; sourceTree = "<group>"; };
		AD72B2B3A22B444A8485951C /* CDVExif.h */ = {isa = PBXFileReference; explicitFileType = undefined; fileEncoding = 4; includeInIndex = 0; lastKnownFileType = sourcecode.c.h; name = CDVExif.h; path = "cordova-plugin-camera/CDVExif.h"; sourceTree = "<group>"; };
		B31EC453A5EF4161BD72F39C /* WebKit.framework */ = {isa = PBXFileReference; explicitFileType = undefined; fileEncoding = 9; includeInIndex = 0; lastKnownFileType = wrapper.framework; name = WebKit.framework; path = System/Library/Frameworks/WebKit.framework; sourceTree = SDKROOT; };
		B7EB666DC8EB4A608CD5E6CE /* it.lproj */ = {isa = PBXFileReference; explicitFileType = undefined; fileEncoding = 9; includeInIndex = 0; lastKnownFileType = unknown; path = it.lproj; sourceTree = "<group>"; };
		B91258E96EF14D538B62C2E7 /* GMImagePickerController.m */ = {isa = PBXFileReference; explicitFileType = undefined; fileEncoding = 4; includeInIndex = 0; lastKnownFileType = sourcecode.c.objc; name = GMImagePickerController.m; path = "cordova-plugin-telerik-imagepicker/GMImagePickerController.m"; sourceTree = "<group>"; };
		BC75E67C961144018686F6E2 /* GMGridViewController.h */ = {isa = PBXFileReference; explicitFileType = undefined; fileEncoding = 4; includeInIndex = 0; lastKnownFileType = sourcecode.c.h; name = GMGridViewController.h; path = "cordova-plugin-telerik-imagepicker/GMGridViewController.h"; sourceTree = "<group>"; };
		BDB78BC1A93A48DF94D37619 /* GMVideoIcon@2x.png */ = {isa = PBXFileReference; explicitFileType = undefined; fileEncoding = 9; includeInIndex = 0; lastKnownFileType = unknown; path = "GMVideoIcon@2x.png"; sourceTree = "<group>"; };
		C73513E1A0954422B2F1704A /* ca.lproj */ = {isa = PBXFileReference; explicitFileType = undefined; fileEncoding = 9; includeInIndex = 0; lastKnownFileType = unknown; path = ca.lproj; sourceTree = "<group>"; };
		C7F4F200BD88486C95605780 /* SQLitePlugin.h */ = {isa = PBXFileReference; explicitFileType = undefined; fileEncoding = 4; includeInIndex = 0; lastKnownFileType = sourcecode.c.h; name = SQLitePlugin.h; path = "cordova-sqlite-storage/SQLitePlugin.h"; sourceTree = "<group>"; };
		CC9A246252AA4C1D9471FC3B /* CDVIonicKeyboard.m */ = {isa = PBXFileReference; explicitFileType = undefined; fileEncoding = 4; includeInIndex = 0; lastKnownFileType = sourcecode.c.objc; name = CDVIonicKeyboard.m; path = "cordova-plugin-ionic-keyboard/CDVIonicKeyboard.m"; sourceTree = "<group>"; };
		CD1C77C2C99F4F0786F1AE82 /* CDVStatusBar.h */ = {isa = PBXFileReference; explicitFileType = undefined; fileEncoding = 4; includeInIndex = 0; lastKnownFileType = sourcecode.c.h; name = CDVStatusBar.h; path = "cordova-plugin-statusbar/CDVStatusBar.h"; sourceTree = "<group>"; };
		CEAE0B7D02AB4213A9BE4F1A /* en.lproj */ = {isa = PBXFileReference; explicitFileType = undefined; fileEncoding = 9; includeInIndex = 0; lastKnownFileType = unknown; path = en.lproj; sourceTree = "<group>"; };
		D19D4535B5914EA0AEA5A631 /* de.lproj */ = {isa = PBXFileReference; explicitFileType = undefined; fileEncoding = 9; includeInIndex = 0; lastKnownFileType = unknown; path = de.lproj; sourceTree = "<group>"; };
		D22EBABC469E4A3C86E3AE32 /* CDVWKProcessPoolFactory.h */ = {isa = PBXFileReference; explicitFileType = undefined; fileEncoding = 4; includeInIndex = 0; lastKnownFileType = sourcecode.c.h; name = CDVWKProcessPoolFactory.h; path = "cordova-plugin-ionic-webview/CDVWKProcessPoolFactory.h"; sourceTree = "<group>"; };
		D92041481D2441D78DBD3CBD /* GMFetchItem.h */ = {isa = PBXFileReference; explicitFileType = undefined; fileEncoding = 4; includeInIndex = 0; lastKnownFileType = sourcecode.c.h; name = GMFetchItem.h; path = "cordova-plugin-telerik-imagepicker/GMFetchItem.h"; sourceTree = "<group>"; };
		D932AB79134147CA89A75311 /* CDVStatusBar.m */ = {isa = PBXFileReference; explicitFileType = undefined; fileEncoding = 4; includeInIndex = 0; lastKnownFileType = sourcecode.c.objc; name = CDVStatusBar.m; path = "cordova-plugin-statusbar/CDVStatusBar.m"; sourceTree = "<group>"; };
		DB177A2025BA46DBBA837356 /* GMGridViewController.m */ = {isa = PBXFileReference; explicitFileType = undefined; fileEncoding = 4; includeInIndex = 0; lastKnownFileType = sourcecode.c.objc; name = GMGridViewController.m; path = "cordova-plugin-telerik-imagepicker/GMGridViewController.m"; sourceTree = "<group>"; };
		DFD017C346934824A0783630 /* GMAlbumsViewCell.m */ = {isa = PBXFileReference; explicitFileType = undefined; fileEncoding = 4; includeInIndex = 0; lastKnownFileType = sourcecode.c.objc; name = GMAlbumsViewCell.m; path = "cordova-plugin-telerik-imagepicker/GMAlbumsViewCell.m"; sourceTree = "<group>"; };
		E22E577299A849BB9170AE03 /* CDVWKWebViewUIDelegate.h */ = {isa = PBXFileReference; explicitFileType = undefined; fileEncoding = 4; includeInIndex = 0; lastKnownFileType = sourcecode.c.h; name = CDVWKWebViewUIDelegate.h; path = "cordova-plugin-ionic-webview/CDVWKWebViewUIDelegate.h"; sourceTree = "<group>"; };
		EB87FDF31871DA8E0020F90C /* www */ = {isa = PBXFileReference; lastKnownFileType = folder; name = www; path = ../../www; sourceTree = "<group>"; };
		EB87FDF41871DAF40020F90C /* config.xml */ = {isa = PBXFileReference; lastKnownFileType = text.xml; name = config.xml; path = ../../config.xml; sourceTree = "<group>"; };
		ED33DF2A687741AEAF9F8254 /* Bridging-Header.h */ = {isa = PBXFileReference; fileEncoding = 4; lastKnownFileType = sourcecode.c.h; path = "Bridging-Header.h"; sourceTree = "<group>"; };
		EEFBB92F452D4881811D9103 /* CDVJpegHeaderWriter.m */ = {isa = PBXFileReference; explicitFileType = undefined; fileEncoding = 4; includeInIndex = 0; lastKnownFileType = sourcecode.c.objc; name = CDVJpegHeaderWriter.m; path = "cordova-plugin-camera/CDVJpegHeaderWriter.m"; sourceTree = "<group>"; };
		F840E1F0165FE0F500CFE078 /* config.xml */ = {isa = PBXFileReference; lastKnownFileType = text.xml; name = config.xml; path = MyApp/config.xml; sourceTree = "<group>"; };
/* End PBXFileReference section */

/* Begin PBXFrameworksBuildPhase section */
		1D60588F0D05DD3D006BFB54 /* Frameworks */ = {
			isa = PBXFrameworksBuildPhase;
			buildActionMask = 2147483647;
			files = (
				301BF552109A68D80062928A /* libCordova.a in Frameworks */,
				A1FEBC46546047B09B777D34 /* WebKit.framework in Frameworks */,
				30B767211A7E496F8F858E0F /* Accelerate.framework in Frameworks */,
				1697EE89C757455281E1B507 /* Security.framework in Frameworks */,
				4DEE40EBF2E94FBBB0405974 /* Photos.framework in Frameworks */,
				253676CB1AD84D0F8DAD0CA7 /* SystemConfiguration.framework in Frameworks */,
				1DD34DD2FBF041FFBF501520 /* QuartzCore.framework in Frameworks */,
				25ADB509741D4CC4A3ABC690 /* ImageIO.framework in Frameworks */,
				89A7AF2D4939486D93767CC2 /* CoreLocation.framework in Frameworks */,
				10DD41788C5A4A5CB0FD24ED /* AVFoundation.framework in Frameworks */,
			);
			runOnlyForDeploymentPostprocessing = 0;
		};
/* End PBXFrameworksBuildPhase section */

/* Begin PBXGroup section */
		080E96DDFE201D6D7F000001 /* Classes */ = {
			isa = PBXGroup;
			children = (
				302D95EE14D2391D003F00A1 /* MainViewController.h */,
				302D95EF14D2391D003F00A1 /* MainViewController.m */,
				302D95F014D2391D003F00A1 /* MainViewController.xib */,
				1D3623240D0F684500981E51 /* AppDelegate.h */,
				1D3623250D0F684500981E51 /* AppDelegate.m */,
			);
			name = Classes;
			path = MyApp/Classes;
			sourceTree = SOURCE_ROOT;
		};
		19C28FACFE9D520D11CA2CBB /* Products */ = {
			isa = PBXGroup;
			children = (
				1D6058910D05DD3D006BFB54 /* MyApp.app */,
			);
			name = Products;
			sourceTree = "<group>";
		};
		29B97314FDCFA39411CA2CEA /* CustomTemplate */ = {
			isa = PBXGroup;
			children = (
				EB87FDF41871DAF40020F90C /* config.xml */,
				EB87FDF31871DA8E0020F90C /* www */,
				EB87FDF11871DA420020F90C /* Staging */,
				301BF52D109A57CC0062928A /* CordovaLib.xcodeproj */,
				080E96DDFE201D6D7F000001 /* Classes */,
				307C750510C5A3420062BCA9 /* Plugins */,
				29B97315FDCFA39411CA2CEA /* Other Sources */,
				29B97317FDCFA39411CA2CEA /* Resources */,
				29B97323FDCFA39411CA2CEA /* Frameworks */,
				19C28FACFE9D520D11CA2CBB /* Products */,
			);
			name = CustomTemplate;
			sourceTree = "<group>";
		};
		29B97315FDCFA39411CA2CEA /* Other Sources */ = {
			isa = PBXGroup;
			children = (
				32CA4F630368D1EE00C91783 /* MyApp-Prefix.pch */,
				29B97316FDCFA39411CA2CEA /* main.m */,
				ED33DF2A687741AEAF9F8254 /* Bridging-Header.h */,
			);
			name = "Other Sources";
			path = MyApp;
			sourceTree = "<group>";
		};
		29B97317FDCFA39411CA2CEA /* Resources */ = {
			isa = PBXGroup;
			children = (
				0207DA571B56EA530066E2B4 /* Images.xcassets */,
				3047A50E1AB8057F00498E2A /* config */,
				8D1107310486CEB800E47090 /* MyApp-Info.plist */,
				6AFF5BF81D6E424B00AB3073 /* CDVLaunchScreen.storyboard */,
				95C844B6CD3241C59BAC4BD2 /* GMEmptyFolder@1x.png */,
				301CBC59FC2C4100BF89DF2F /* GMEmptyFolder@2x.png */,
				68C0C01A74DE4BC2B96AC997 /* GMSelected.png */,
				A34CB49EB751445D9B2576C1 /* GMSelected@2x.png */,
				3D732C697F5148B28B363D93 /* GMVideoIcon.png */,
				BDB78BC1A93A48DF94D37619 /* GMVideoIcon@2x.png */,
				C73513E1A0954422B2F1704A /* ca.lproj */,
				D19D4535B5914EA0AEA5A631 /* de.lproj */,
				CEAE0B7D02AB4213A9BE4F1A /* en.lproj */,
				4F55E650CD564139BEB1509C /* es.lproj */,
				3EDF94FDAAE54948B77D4661 /* fr.lproj */,
				B7EB666DC8EB4A608CD5E6CE /* it.lproj */,
				241C371EC9734370B590F599 /* pt.lproj */,
				A2A5352D2B58464AA23DB1FF /* pl.lproj */,
				3292D69EE08F4012BECC988E /* zh-Hans.lproj */,
			);
			name = Resources;
			path = MyApp/Resources;
			sourceTree = "<group>";
		};
		29B97323FDCFA39411CA2CEA /* Frameworks */ = {
			isa = PBXGroup;
			children = (
				B31EC453A5EF4161BD72F39C /* WebKit.framework */,
				0D7DEF471A6B451E87F04A8D /* Accelerate.framework */,
				02E79786040F42759F7CA61D /* Security.framework */,
				85C4193358574134982F0061 /* Photos.framework */,
				1EAD1019C9CF4B82BE9E2CC7 /* SystemConfiguration.framework */,
				791E480B65D242A9AD87796F /* QuartzCore.framework */,
				67149AC997D54A748A70935B /* ImageIO.framework */,
				7E821FCE7A6C4EF4B4305AE7 /* CoreLocation.framework */,
				31EB5EE9F52742AE9F6B14EF /* AVFoundation.framework */,
			);
			name = Frameworks;
			sourceTree = "<group>";
		};
		301BF52E109A57CC0062928A /* Products */ = {
			isa = PBXGroup;
			children = (
				301BF535109A57CC0062928A /* libCordova.a */,
				907D8124214C687600058A10 /* Cordova.framework */,
			);
			name = Products;
			sourceTree = "<group>";
		};
		3047A50E1AB8057F00498E2A /* config */ = {
			isa = PBXGroup;
			children = (
				3047A50F1AB8059700498E2A /* build-debug.xcconfig */,
				3047A5101AB8059700498E2A /* build-release.xcconfig */,
				3047A5111AB8059700498E2A /* build.xcconfig */,
			);
			name = config;
			sourceTree = "<group>";
		};
		307C750510C5A3420062BCA9 /* Plugins */ = {
			isa = PBXGroup;
			children = (
				3AD558C157314F6691478909 /* CDVDevice.m */,
				393CA4D557BD4CD8B7B3EC96 /* CDVDevice.h */,
				CC9A246252AA4C1D9471FC3B /* CDVIonicKeyboard.m */,
				5F9B0E50C25B4BBDA8B5255B /* CDVIonicKeyboard.h */,
				5964D2D3EB584DDA965D778C /* CDVWKWebViewEngine.m */,
				3AAF9D922FCA484D8D41DB7F /* CDVWKWebViewUIDelegate.m */,
				08CE6DC5AA2C42D8BF0D4A84 /* CDVWKProcessPoolFactory.m */,
				0D7AD7269B944CA39E0EAD17 /* IONAssetHandler.m */,
				A56814A797CD4D8797FD0C16 /* CDVWKWebViewEngine.h */,
				E22E577299A849BB9170AE03 /* CDVWKWebViewUIDelegate.h */,
				D22EBABC469E4A3C86E3AE32 /* CDVWKProcessPoolFactory.h */,
				70B34AE3B01645D3B94DEA92 /* IONAssetHandler.h */,
				D932AB79134147CA89A75311 /* CDVStatusBar.m */,
				CD1C77C2C99F4F0786F1AE82 /* CDVStatusBar.h */,
				77C02EDF48AB40709124EDC8 /* SQLitePlugin.m */,
				1E9B3A82CB49464887D99029 /* CustomPSPDFThreadSafeMutableDictionary.m */,
				2C6AF88B9EEF4C1F93F6EC94 /* sqlite3.c */,
				C7F4F200BD88486C95605780 /* SQLitePlugin.h */,
				6A57C1A7D4A24EDCB6870010 /* sqlite3.h */,
				A679C75054614522BCA45E71 /* SOSPicker.m */,
				09B21C14D1C049A5ABB46FD4 /* UIImage+fixOrientation.m */,
				DFD017C346934824A0783630 /* GMAlbumsViewCell.m */,
				3F8C6C0580DD4FB8AD6BAE7E /* GMAlbumsViewController.m */,
				082052F8C91F4F368662388E /* GMFetchItem.m */,
				53BD53702BE24FDBB64BFDC8 /* GMGridViewCell.m */,
				DB177A2025BA46DBBA837356 /* GMGridViewController.m */,
				B91258E96EF14D538B62C2E7 /* GMImagePickerController.m */,
				A8B190AFDBB64A05A35E92E8 /* PSYBlockTimer.m */,
				551796BB217B4DC6B783371C /* GMPHAsset.m */,
				6BABD85AB45B47B18D14B238 /* SOSPicker.h */,
				A858E83906814C749C71D16F /* UIImage+fixOrientation.h */,
				62B0DF927F0E44A49591B361 /* GMAlbumsViewCell.h */,
				33523AF18B2B472683D9B3BD /* GMAlbumsViewController.h */,
				D92041481D2441D78DBD3CBD /* GMFetchItem.h */,
				60F289EC6F604DCF8D11313F /* GMGridViewCell.h */,
				BC75E67C961144018686F6E2 /* GMGridViewController.h */,
				1A1C2550A133426B8CDCAA7A /* GMImagePickerController.h */,
				11AD7E7502034C359A296471 /* PSYBlockTimer.h */,
				76AD55835A4A4D54BC773F68 /* GMPHAsset.h */,
				54FA897BC0D84D18B77039A6 /* UIImage+CropScaleOrientation.m */,
				A250FD6E1281471F816AA949 /* CDVCamera.m */,
				EEFBB92F452D4881811D9103 /* CDVJpegHeaderWriter.m */,
				2B7CAE1111A14AFFBDD32C45 /* UIImage+CropScaleOrientation.h */,
				5DC4961C4F944E37AD221D65 /* CDVCamera.h */,
				045C4A65A6D349BABD2348F1 /* CDVJpegHeaderWriter.h */,
				AD72B2B3A22B444A8485951C /* CDVExif.h */,
				63EF831B30DB46F8A657470A /* CDVLocation.m */,
				0DCB73BC13924608991B0835 /* CDVLocation.h */,
			);
			name = Plugins;
			path = MyApp/Plugins;
			sourceTree = SOURCE_ROOT;
		};
		EB87FDF11871DA420020F90C /* Staging */ = {
			isa = PBXGroup;
			children = (
				F840E1F0165FE0F500CFE078 /* config.xml */,
				301BF56E109A69640062928A /* www */,
			);
			name = Staging;
			sourceTree = "<group>";
		};
/* End PBXGroup section */

/* Begin PBXNativeTarget section */
		1D6058900D05DD3D006BFB54 /* MyApp */ = {
			isa = PBXNativeTarget;
			buildConfigurationList = 1D6058960D05DD3E006BFB54 /* Build configuration list for PBXNativeTarget "MyApp" */;
			buildPhases = (
				304B58A110DAC018002A0835 /* Copy www directory */,
				1D60588D0D05DD3D006BFB54 /* Resources */,
				1D60588E0D05DD3D006BFB54 /* Sources */,
				1D60588F0D05DD3D006BFB54 /* Frameworks */,
			);
			buildRules = (
			);
			dependencies = (
				301BF551109A68C00062928A /* PBXTargetDependency */,
			);
			name = MyApp;
			productName = MyApp;
			productReference = 1D6058910D05DD3D006BFB54 /* MyApp.app */;
			productType = "com.apple.product-type.application";
		};
/* End PBXNativeTarget section */

/* Begin PBXProject section */
		29B97313FDCFA39411CA2CEA /* Project object */ = {
			isa = PBXProject;
			attributes = {
				LastUpgradeCheck = 1130;
				TargetAttributes = {
					1D6058900D05DD3D006BFB54 = {
						ProvisioningStyle = Automatic;
					};
				};
			};
			buildConfigurationList = C01FCF4E08A954540054247B /* Build configuration list for PBXProject "MyApp" */;
			compatibilityVersion = "Xcode 11.0";
			developmentRegion = en;
			hasScannedForEncodings = 1;
			knownRegions = (
				en,
				Base,
			);
			mainGroup = 29B97314FDCFA39411CA2CEA /* CustomTemplate */;
			projectDirPath = "";
			projectReferences = (
				{
					ProductGroup = 301BF52E109A57CC0062928A /* Products */;
					ProjectRef = 301BF52D109A57CC0062928A /* CordovaLib.xcodeproj */;
				},
			);
			projectRoot = "";
			targets = (
				1D6058900D05DD3D006BFB54 /* MyApp */,
			);
		};
/* End PBXProject section */

/* Begin PBXReferenceProxy section */
		301BF535109A57CC0062928A /* libCordova.a */ = {
			isa = PBXReferenceProxy;
			fileType = archive.ar;
			path = libCordova.a;
			remoteRef = 301BF534109A57CC0062928A /* PBXContainerItemProxy */;
			sourceTree = BUILT_PRODUCTS_DIR;
		};
		907D8124214C687600058A10 /* Cordova.framework */ = {
			isa = PBXReferenceProxy;
			fileType = wrapper.framework;
			path = Cordova.framework;
			remoteRef = 907D8123214C687600058A10 /* PBXContainerItemProxy */;
			sourceTree = BUILT_PRODUCTS_DIR;
		};
/* End PBXReferenceProxy section */

/* Begin PBXResourcesBuildPhase section */
		1D60588D0D05DD3D006BFB54 /* Resources */ = {
			isa = PBXResourcesBuildPhase;
			buildActionMask = 2147483647;
			files = (
				302D95F214D2391D003F00A1 /* MainViewController.xib in Resources */,
				0207DA581B56EA530066E2B4 /* Images.xcassets in Resources */,
				6AFF5BF91D6E424B00AB3073 /* CDVLaunchScreen.storyboard in Resources */,
				B82E24BA61D24210A9DBC8C8 /* GMEmptyFolder@1x.png in Resources */,
				55E9035480144127A9099597 /* GMEmptyFolder@2x.png in Resources */,
				8D205C4257F64047AB2DD7E5 /* GMSelected.png in Resources */,
				A5E1F1C30336420984B94D48 /* GMSelected@2x.png in Resources */,
				335CB18851FA405E8A7E5580 /* GMVideoIcon.png in Resources */,
				9E7EB044B0164F0490B9E402 /* GMVideoIcon@2x.png in Resources */,
				DFF44CFBEEF64B24B0984911 /* ca.lproj in Resources */,
				5F2D40123A364A429DD058B2 /* de.lproj in Resources */,
				41BAD90D38FA4F21ABB24A27 /* en.lproj in Resources */,
				5E88E8AF196845568915B126 /* es.lproj in Resources */,
				123BADC62819442DAC63FF64 /* fr.lproj in Resources */,
				30178FCB0B614B06BEA9358A /* it.lproj in Resources */,
				8641832A5CB24038A1BCA5B8 /* pt.lproj in Resources */,
				42ECEED9D67E42EFB575742A /* pl.lproj in Resources */,
				C92FE5A4E5F043B98C87F9A6 /* zh-Hans.lproj in Resources */,
			);
			runOnlyForDeploymentPostprocessing = 0;
		};
/* End PBXResourcesBuildPhase section */

/* Begin PBXShellScriptBuildPhase section */
		304B58A110DAC018002A0835 /* Copy www directory */ = {
			isa = PBXShellScriptBuildPhase;
			buildActionMask = 2147483647;
			files = (
			);
			inputPaths = (
			);
			name = "Copy www directory";
			outputPaths = (
			);
			runOnlyForDeploymentPostprocessing = 0;
			shellPath = /bin/sh;
			shellScript = "\"$SRCROOT/MyApp/Scripts/copy-www-build-step.sh\"";
			showEnvVarsInLog = 0;
		};
/* End PBXShellScriptBuildPhase section */

/* Begin PBXSourcesBuildPhase section */
		1D60588E0D05DD3D006BFB54 /* Sources */ = {
			isa = PBXSourcesBuildPhase;
			buildActionMask = 2147483647;
			files = (
				1D60589B0D05DD56006BFB54 /* main.m in Sources */,
				1D3623260D0F684500981E51 /* AppDelegate.m in Sources */,
				302D95F114D2391D003F00A1 /* MainViewController.m in Sources */,
				9378D9EA9C8644EAB250E4FF /* CDVDevice.m in Sources */,
				763F00177B244BBD9C521414 /* CDVIonicKeyboard.m in Sources */,
				B5A73ECB0268479DBA215BDC /* CDVWKWebViewEngine.m in Sources */,
				D5AA9DEEFB5B40409F32A1A2 /* CDVWKWebViewUIDelegate.m in Sources */,
				2E18A0717D8A4D5F9BCF589E /* CDVWKProcessPoolFactory.m in Sources */,
				20DDA5D84D724FAB8C71C34B /* IONAssetHandler.m in Sources */,
				39B54E52D3B842698BB68779 /* CDVStatusBar.m in Sources */,
				5618A05FBA66484DA389F4BD /* SQLitePlugin.m in Sources */,
				A767A1772BEA4D08957A4A9B /* CustomPSPDFThreadSafeMutableDictionary.m in Sources */,
				B7EB8C16A3D04D1E96F2B251 /* sqlite3.c in Sources */,
				028F988557B647B9BEFBD56F /* SOSPicker.m in Sources */,
				1993B8E5F43C467DA3E54D03 /* UIImage+fixOrientation.m in Sources */,
				4FE30A64E32540ACA04D7F34 /* GMAlbumsViewCell.m in Sources */,
				D0669F2117364A10B7CED0F6 /* GMAlbumsViewController.m in Sources */,
				EA929ED7D0684CD9B16DE312 /* GMFetchItem.m in Sources */,
				28EF4B27EA024FD4823614A7 /* GMGridViewCell.m in Sources */,
				936A413220E647C5B510825C /* GMGridViewController.m in Sources */,
				94DD624A59A742778D63E532 /* GMImagePickerController.m in Sources */,
				D632F65C9D884F8D9B46BA26 /* PSYBlockTimer.m in Sources */,
				A2CE79F772EB4D7F8E5DDC32 /* GMPHAsset.m in Sources */,
				662FBCB6498648B5B91876D2 /* UIImage+CropScaleOrientation.m in Sources */,
				86F881115754491491574F41 /* CDVCamera.m in Sources */,
				A16B41D013714DFFBC6C6158 /* CDVJpegHeaderWriter.m in Sources */,
				C3BB3C20ECD14DC7A6FFADAB /* CDVLocation.m in Sources */,
			);
			runOnlyForDeploymentPostprocessing = 0;
		};
/* End PBXSourcesBuildPhase section */

/* Begin PBXTargetDependency section */
		301BF551109A68C00062928A /* PBXTargetDependency */ = {
			isa = PBXTargetDependency;
			name = CordovaLib;
			targetProxy = 301BF550109A68C00062928A /* PBXContainerItemProxy */;
		};
/* End PBXTargetDependency section */

/* Begin XCBuildConfiguration section */
		1D6058940D05DD3E006BFB54 /* Debug */ = {
			isa = XCBuildConfiguration;
			baseConfigurationReference = 3047A50F1AB8059700498E2A /* build-debug.xcconfig */;
			buildSettings = {
				ALWAYS_SEARCH_USER_PATHS = NO;
				ASSETCATALOG_COMPILER_APPICON_NAME = AppIcon;
				CLANG_ENABLE_MODULES = YES;
				CLANG_ENABLE_OBJC_ARC = YES;
				COPY_PHASE_STRIP = NO;
				GCC_DYNAMIC_NO_PIC = NO;
				GCC_OPTIMIZATION_LEVEL = 0;
				GCC_PRECOMPILE_PREFIX_HEADER = YES;
				GCC_PREFIX_HEADER = "MyApp/MyApp-Prefix.pch";
				GCC_THUMB_SUPPORT = NO;
				GCC_VERSION = "";
				INFOPLIST_FILE = "MyApp/MyApp-Info.plist";
				IPHONEOS_DEPLOYMENT_TARGET = 11.0;
				LD_RUNPATH_SEARCH_PATHS = "@executable_path/Frameworks";
				PRODUCT_BUNDLE_IDENTIFIER = com.example.myapp;
				PRODUCT_NAME = "$(TARGET_NAME)";
				TARGETED_DEVICE_FAMILY = "1,2";
				VALIDATE_WORKSPACE = NO;
			};
			name = Debug;
		};
		1D6058950D05DD3E006BFB54 /* Release */ = {
			isa = XCBuildConfiguration;
			baseConfigurationReference = 3047A5101AB8059700498E2A /* build-release.xcconfig */;
			buildSettings = {
				ALWAYS_SEARCH_USER_PATHS = NO;
				ASSETCATALOG_COMPILER_APPICON_NAME = AppIcon;
				CLANG_ENABLE_MODULES = YES;
				CLANG_ENABLE_OBJC_ARC = YES;
				COPY_PHASE_STRIP = YES;
				GCC_PRECOMPILE_PREFIX_HEADER = YES;
				GCC_PREFIX_HEADER = "MyApp/MyApp-Prefix.pch";
				GCC_THUMB_SUPPORT = NO;
				GCC_VERSION = "";
				INFOPLIST_FILE = "MyApp/MyApp-Info.plist";
				IPHONEOS_DEPLOYMENT_TARGET = 11.0;
				LD_RUNPATH_SEARCH_PATHS = "@executable_path/Frameworks";
				PRODUCT_BUNDLE_IDENTIFIER = com.example.myapp;
				PRODUCT_NAME = "$(TARGET_NAME)";
				TARGETED_DEVICE_FAMILY = "1,2";
				VALIDATE_WORKSPACE = NO;
			};
			name = Release;
		};
		C01FCF4F08A954540054247B /* Debug */ = {
			isa = XCBuildConfiguration;
			baseConfigurationReference = 3047A5111AB8059700498E2A /* build.xcconfig */;
			buildSettings = {
				CLANG_ANALYZER_LOCALIZABILITY_NONLOCALIZED = YES;
				CLANG_ENABLE_MODULES = YES;
				CLANG_ENABLE_OBJC_ARC = YES;
				CLANG_WARN_BLOCK_CAPTURE_AUTORELEASING = YES;
				CLANG_WARN_BOOL_CONVERSION = YES;
				CLANG_WARN_COMMA = YES;
				CLANG_WARN_CONSTANT_CONVERSION = YES;
				CLANG_WARN_DEPRECATED_OBJC_IMPLEMENTATIONS = YES;
				CLANG_WARN_EMPTY_BODY = YES;
				CLANG_WARN_ENUM_CONVERSION = YES;
				CLANG_WARN_INFINITE_RECURSION = YES;
				CLANG_WARN_INT_CONVERSION = YES;
				CLANG_WARN_NON_LITERAL_NULL_CONVERSION = YES;
				CLANG_WARN_OBJC_IMPLICIT_RETAIN_SELF = YES;
				CLANG_WARN_OBJC_LITERAL_CONVERSION = YES;
				CLANG_WARN_RANGE_LOOP_ANALYSIS = YES;
				CLANG_WARN_STRICT_PROTOTYPES = YES;
				CLANG_WARN_SUSPICIOUS_MOVE = YES;
				CLANG_WARN_UNREACHABLE_CODE = YES;
				CLANG_WARN__DUPLICATE_METHOD_MATCH = YES;
				ENABLE_STRICT_OBJC_MSGSEND = YES;
				ENABLE_TESTABILITY = YES;
				GCC_C_LANGUAGE_STANDARD = c99;
				GCC_NO_COMMON_BLOCKS = YES;
				GCC_THUMB_SUPPORT = NO;
				GCC_VERSION = "";
				GCC_WARN_64_TO_32_BIT_CONVERSION = YES;
				GCC_WARN_ABOUT_RETURN_TYPE = YES;
				GCC_WARN_UNDECLARED_SELECTOR = YES;
				GCC_WARN_UNINITIALIZED_AUTOS = YES;
				GCC_WARN_UNUSED_FUNCTION = YES;
				GCC_WARN_UNUSED_VARIABLE = YES;
				IPHONEOS_DEPLOYMENT_TARGET = 11.0;
				ONLY_ACTIVE_ARCH = YES;
				SDKROOT = iphoneos;
				SKIP_INSTALL = NO;
				WK_WEB_VIEW_ONLY = 1;
			};
			name = Debug;
		};
		C01FCF5008A954540054247B /* Release */ = {
			isa = XCBuildConfiguration;
			baseConfigurationReference = 3047A5111AB8059700498E2A /* build.xcconfig */;
			buildSettings = {
				CLANG_ANALYZER_LOCALIZABILITY_NONLOCALIZED = YES;
				CLANG_ENABLE_MODULES = YES;
				CLANG_ENABLE_OBJC_ARC = YES;
				CLANG_WARN_BLOCK_CAPTURE_AUTORELEASING = YES;
				CLANG_WARN_BOOL_CONVERSION = YES;
				CLANG_WARN_COMMA = YES;
				CLANG_WARN_CONSTANT_CONVERSION = YES;
				CLANG_WARN_DEPRECATED_OBJC_IMPLEMENTATIONS = YES;
				CLANG_WARN_EMPTY_BODY = YES;
				CLANG_WARN_ENUM_CONVERSION = YES;
				CLANG_WARN_INFINITE_RECURSION = YES;
				CLANG_WARN_INT_CONVERSION = YES;
				CLANG_WARN_NON_LITERAL_NULL_CONVERSION = YES;
				CLANG_WARN_OBJC_IMPLICIT_RETAIN_SELF = YES;
				CLANG_WARN_OBJC_LITERAL_CONVERSION = YES;
				CLANG_WARN_RANGE_LOOP_ANALYSIS = YES;
				CLANG_WARN_STRICT_PROTOTYPES = YES;
				CLANG_WARN_SUSPICIOUS_MOVE = YES;
				CLANG_WARN_UNREACHABLE_CODE = YES;
				CLANG_WARN__DUPLICATE_METHOD_MATCH = YES;
				ENABLE_STRICT_OBJC_MSGSEND = YES;
				GCC_C_LANGUAGE_STANDARD = c99;
				GCC_NO_COMMON_BLOCKS = YES;
				GCC_THUMB_SUPPORT = NO;
				GCC_VERSION = "";
				GCC_WARN_64_TO_32_BIT_CONVERSION = YES;
				GCC_WARN_ABOUT_RETURN_TYPE = YES;
				GCC_WARN_UNDECLARED_SELECTOR = YES;
				GCC_WARN_UNINITIALIZED_AUTOS = YES;
				GCC_WARN_UNUSED_FUNCTION = YES;
				GCC_WARN_UNUSED_VARIABLE = YES;
				IPHONEOS_DEPLOYMENT_TARGET = 11.0;
				SDKROOT = iphoneos;
				SKIP_INSTALL = NO;
				WK_WEB_VIEW_ONLY = 1;
			};
			name = Release;
		};
/* End XCBuildConfiguration section */

/* Begin XCConfigurationList section */
		1D6058960D05DD3E006BFB54 /* Build configuration list for PBXNativeTarget "MyApp" */ = {
			isa = XCConfigurationList;
			buildConfigurations = (
				1D6058940D05DD3E006BFB54 /* Debug */,
				1D6058950D05DD3E006BFB54 /* Release */,
			);
			defaultConfigurationIsVisible = 0;
			defaultConfigurationName = Release;
		};
		C01FCF4E08A954540054247B /* Build configuration list for PBXProject "MyApp" */ = {
			isa = XCConfigurationList;
			buildConfigurations = (
				C01FCF4F08A954540054247B /* Debug */,
				C01FCF5008A954540054247B /* Release */,
			);
			defaultConfigurationIsVisible = 0;
			defaultConfigurationName = Release;
		};
/* End XCConfigurationList section */
	};
	rootObject = 29B97313FDCFA39411CA2CEA /* Project object */;
}
